
Microsoft Visual Studio Solution File, Format Version 12.00
# Visual Studio Version 17
VisualStudioVersion = 17.5.33516.290
MinimumVisualStudioVersion = 10.0.40219.1
Project("{FAE04EC0-301F-11D3-BF4B-00C04F79EFBC}") = "Lab_1.4", "Lab_1.4\Lab_1.4.csproj", "{49819918-FD43-4040-B331-3A168A13758C}"
EndProject
Global
	GlobalSection(SolutionConfigurationPlatforms) = preSolution
		Debug|Any CPU = Debug|Any CPU
		Release|Any CPU = Release|Any CPU
	EndGlobalSection
	GlobalSection(ProjectConfigurationPlatforms) = postSolution
		{49819918-FD43-4040-B331-3A168A13758C}.Debug|Any CPU.ActiveCfg = Debug|Any CPU
		{49819918-FD43-4040-B331-3A168A13758C}.Debug|Any CPU.Build.0 = Debug|Any CPU
		{49819918-FD43-4040-B331-3A168A13758C}.Release|Any CPU.ActiveCfg = Release|Any CPU
		{49819918-FD43-4040-B331-3A168A13758C}.Release|Any CPU.Build.0 = Release|Any CPU
	EndGlobalSection
	GlobalSection(SolutionProperties) = preSolution
		HideSolutionNode = FALSE
	EndGlobalSection
	GlobalSection(ExtensibilityGlobals) = postSolution
		SolutionGuid = {24FB9973-611A-4CEE-9F21-ACEB92C5079A}
	EndGlobalSection
EndGlobal
